# This file is automatically @generated by Poetry 1.8.5 and should not be changed by hand.

[[package]]
name = "anyio"
version = "4.9.0"
description = "High level compatibility layer for multiple asynchronous event loop implementations"
optional = false
python-versions = ">=3.9"
files = [
    {file = "anyio-4.9.0-py3-none-any.whl", hash = "sha256:9f76d541cad6e36af7beb62e978876f3b41e3e04f2c1fbf0884604c0a9c4d93c"},
    {file = "anyio-4.9.0.tar.gz", hash = "sha256:673c0c244e15788651a4ff38710fea9675823028a6f08a5eda409e0c9840a028"},
]

[package.dependencies]
idna = ">=2.8"
sniffio = ">=1.1"
typing_extensions = {version = ">=4.5", markers = "python_version < \"3.13\""}

[package.extras]
doc = ["Sphinx (>=8.2,<9.0)", "packaging", "sphinx-autodoc-typehints (>=1.2.0)", "sphinx_rtd_theme"]
test = ["anyio[trio]", "blockbuster (>=1.5.23)", "coverage[toml] (>=7)", "exceptiongroup (>=1.2.0)", "hypothesis (>=4.0)", "psutil (>=5.9)", "pytest (>=7.0)", "trustme", "truststore (>=0.9.1)", "uvloop (>=0.21)"]
trio = ["trio (>=0.26.1)"]

[[package]]
name = "certifi"
version = "2025.6.15"
description = "Python package for providing Mozilla's CA Bundle."
optional = false
python-versions = ">=3.7"
files = [
    {file = "certifi-2025.6.15-py3-none-any.whl", hash = "sha256:2e0c7ce7cb5d8f8634ca55d2ba7e6ec2689a2fd6537d8dec1296a477a4910057"},
    {file = "certifi-2025.6.15.tar.gz", hash = "sha256:d747aa5a8b9bbbb1bb8c22bb13e22bd1f18e9796defa16bab421f7f7a317323b"},
]

[[package]]
name = "flet"
version = "0.28.3"
description = "Flet for Python - easily build interactive multi-platform apps in Python"
optional = false
python-versions = ">=3.9"
files = [
    {file = "flet-0.28.3-py3-none-any.whl", hash = "sha256:649bfc4af7933956ecf44963df6c0d997bff9ceeaf89d3c86d96803840cab83e"},
]

[package.dependencies]
httpx = {version = "*", markers = "platform_system != \"Pyodide\""}
oauthlib = {version = ">=3.2.2,<4.0.0", markers = "platform_system != \"Pyodide\""}
repath = ">=0.9.0,<0.10.0"

[package.extras]
all = ["flet-cli (==0.28.3)", "flet-desktop (==0.28.3)", "flet-desktop-light (==0.28.3)", "flet-web (==0.28.3)"]
cli = ["flet-cli (==0.28.3)"]
desktop = ["flet-desktop (==0.28.3)", "flet-desktop-light (==0.28.3)"]
web = ["flet-web (==0.28.3)"]

[[package]]
name = "h11"
version = "0.16.0"
description = "A pure-Python, bring-your-own-I/O implementation of HTTP/1.1"
optional = false
python-versions = ">=3.8"
files = [
    {file = "h11-0.16.0-py3-none-any.whl", hash = "sha256:63cf8bbe7522de3bf65932fda1d9c2772064ffb3dae62d55932da54b31cb6c86"},
    {file = "h11-0.16.0.tar.gz", hash = "sha256:4e35b956cf45792e4caa5885e69fba00bdbc6ffafbfa020300e549b208ee5ff1"},
]

[[package]]
name = "httpcore"
version = "1.0.9"
description = "A minimal low-level HTTP client."
optional = false
python-versions = ">=3.8"
files = [
    {file = "httpcore-1.0.9-py3-none-any.whl", hash = "sha256:2d400746a40668fc9dec9810239072b40b4484b640a8c38fd654a024c7a1bf55"},
    {file = "httpcore-1.0.9.tar.gz", hash = "sha256:6e34463af53fd2ab5d807f399a9b45ea31c3dfa2276f15a2c3f00afff6e176e8"},
]

[package.dependencies]
certifi = "*"
h11 = ">=0.16"

[package.extras]
asyncio = ["anyio (>=4.0,<5.0)"]
http2 = ["h2 (>=3,<5)"]
socks = ["socksio (==1.*)"]
trio = ["trio (>=0.22.0,<1.0)"]

[[package]]
name = "httpx"
version = "0.28.1"
description = "The next generation HTTP client."
optional = false
python-versions = ">=3.8"
files = [
    {file = "httpx-0.28.1-py3-none-any.whl", hash = "sha256:d909fcccc110f8c7faf814ca82a9a4d816bc5a6dbfea25d6591d6985b8ba59ad"},
    {file = "httpx-0.28.1.tar.gz", hash = "sha256:75e98c5f16b0f35b567856f597f06ff2270a374470a5c2392242528e3e3e42fc"},
]

[package.dependencies]
anyio = "*"
certifi = "*"
httpcore = "==1.*"
idna = "*"

[package.extras]
brotli = ["brotli", "brotlicffi"]
cli = ["click (==8.*)", "pygments (==2.*)", "rich (>=10,<14)"]
http2 = ["h2 (>=3,<5)"]
socks = ["socksio (==1.*)"]
zstd = ["zstandard (>=0.18.0)"]

[[package]]
name = "idna"
version = "3.10"
description = "Internationalized Domain Names in Applications (IDNA)"
optional = false
python-versions = ">=3.6"
files = [
    {file = "idna-3.10-py3-none-any.whl", hash = "sha256:946d195a0d259cbba61165e88e65941f16e9b36ea6ddb97f00452bae8b1287d3"},
    {file = "idna-3.10.tar.gz", hash = "sha256:12f65c9b470abda6dc35cf8e63cc574b1c52b11df2c86030af0ac09b01b13ea9"},
]

[package.extras]
all = ["flake8 (>=7.1.1)", "mypy (>=1.11.2)", "pytest (>=8.3.2)", "ruff (>=0.6.2)"]

[[package]]
name = "mysql-connector-python"
version = "9.3.0"
description = "A self-contained Python driver for communicating with MySQL servers, using an API that is compliant with the Python Database API Specification v2.0 (PEP 249)."
optional = false
python-versions = ">=3.9"
files = [
    {file = "mysql-connector-python-9.3.0.tar.gz", hash = "sha256:8b16d51447e3603f18478fb5a19b333bfb73fb58f872eb055a105635f53d2345"},
    {file = "mysql_connector_python-9.3.0-cp310-cp310-macosx_14_0_arm64.whl", hash = "sha256:f979e712187796ad57cd0bef76666dd48ed4887104775833c9489ea837144ad8"},
    {file = "mysql_connector_python-9.3.0-cp310-cp310-macosx_14_0_x86_64.whl", hash = "sha256:ee1a901c287471013570e29cdf5ca7159898af31cf3a582180eadd41c96b42c9"},
    {file = "mysql_connector_python-9.3.0-cp310-cp310-manylinux_2_28_aarch64.whl", hash = "sha256:5508ff6b79d8d46b15791401784a1b5abd10c8e05aec2684c4a50e92c5893cd2"},
    {file = "mysql_connector_python-9.3.0-cp310-cp310-manylinux_2_28_x86_64.whl", hash = "sha256:d47a0d5b2b9b02f06647d5d7bbb19e237f234d6be91d0e0c935629faacf0797f"},
    {file = "mysql_connector_python-9.3.0-cp310-cp310-win_amd64.whl", hash = "sha256:e24be22a5d96f3535afa5dd331166b02bf72655ea6ed6a2a0eb548c313548788"},
    {file = "mysql_connector_python-9.3.0-cp311-cp311-macosx_14_0_arm64.whl", hash = "sha256:e8b0131006608e533b8eab20078f9e65486068c984ed3efd28413d350d241f44"},
    {file = "mysql_connector_python-9.3.0-cp311-cp311-macosx_14_0_x86_64.whl", hash = "sha256:cb72fcda90b616f0b2d3dae257441e06e8896b2780c3dddc6a65275ec1408d9a"},
    {file = "mysql_connector_python-9.3.0-cp311-cp311-manylinux_2_28_aarch64.whl", hash = "sha256:9cc8d3c2f45d16b064b0063db857f8a7187b8659253dd32e3f19df1bf1d55ea0"},
    {file = "mysql_connector_python-9.3.0-cp311-cp311-manylinux_2_28_x86_64.whl", hash = "sha256:9c898c5f3e34314ed825f2ffdd52d674e03d59c45d02ac8083a8ec5173c1e0f8"},
    {file = "mysql_connector_python-9.3.0-cp311-cp311-win_amd64.whl", hash = "sha256:f10fe89397e8da81026d8143e17fc5c12ae5e66e51753a0f49e1db179c4f7113"},
    {file = "mysql_connector_python-9.3.0-cp312-cp312-macosx_14_0_arm64.whl", hash = "sha256:2589af070babdff9c920ee37f929218d80afa704f4e2a99f1ddcb13d19de4450"},
    {file = "mysql_connector_python-9.3.0-cp312-cp312-macosx_14_0_x86_64.whl", hash = "sha256:1916256ecd039f4673715550d28138416bac5962335e06d36f7434c47feb5232"},
    {file = "mysql_connector_python-9.3.0-cp312-cp312-manylinux_2_28_aarch64.whl", hash = "sha256:d33e2f88e1d4b15844cfed2bb6e90612525ba2c1af2fb10b4a25b2c89a1fe49a"},
    {file = "mysql_connector_python-9.3.0-cp312-cp312-manylinux_2_28_x86_64.whl", hash = "sha256:0aedee809e1f8dbab6b2732f51ee1619b54a56d15b9070655bc31fb822c1a015"},
    {file = "mysql_connector_python-9.3.0-cp312-cp312-win_amd64.whl", hash = "sha256:3853799f4b719357ea25eba05f5f278a158a85a5c8209b3d058947a948bc9262"},
    {file = "mysql_connector_python-9.3.0-cp313-cp313-macosx_14_0_arm64.whl", hash = "sha256:9516a4cdbaee3c9200f0e7d9aafb31057692f45c202cdcb43a3f9b37c94e7c84"},
    {file = "mysql_connector_python-9.3.0-cp313-cp313-macosx_14_0_x86_64.whl", hash = "sha256:495798dd34445d749991fb3a2aa87b4205100676939556d8d4aab5d5558e7a1f"},
    {file = "mysql_connector_python-9.3.0-cp313-cp313-manylinux_2_28_aarch64.whl", hash = "sha256:be0ef15f6023ae2037347498f005a4471f694f8a6b8384c3194895e153120286"},
    {file = "mysql_connector_python-9.3.0-cp313-cp313-manylinux_2_28_x86_64.whl", hash = "sha256:4364d3a37c449f1c0bb9e52fd4eddc620126b9897b6b9f2fd1b3f33dacc16356"},
    {file = "mysql_connector_python-9.3.0-cp313-cp313-win_amd64.whl", hash = "sha256:2a5de57814217077a8672063167b616b1034a37b614b93abcb602cc0b8c6fade"},
    {file = "mysql_connector_python-9.3.0-cp39-cp39-macosx_14_0_arm64.whl", hash = "sha256:8c79b500f1f9f12761426199d0498309ee5d20c94ed94fc8ae356679667f8181"},
    {file = "mysql_connector_python-9.3.0-cp39-cp39-macosx_14_0_x86_64.whl", hash = "sha256:d87c9e8b5aa9a16cefebe017ee45ddfbad53e668f94d01fe2e055bb8daab9353"},
    {file = "mysql_connector_python-9.3.0-cp39-cp39-manylinux_2_28_aarch64.whl", hash = "sha256:ac70a7128f7e690dc0f4376be8366c7e5c8fa47a785232b8abba948576f016ff"},
    {file = "mysql_connector_python-9.3.0-cp39-cp39-manylinux_2_28_x86_64.whl", hash = "sha256:66d48ec0ee903a84bcaf5d4d1901ed536fdd90ce6ecae0686f094b4530faf545"},
    {file = "mysql_connector_python-9.3.0-cp39-cp39-win_amd64.whl", hash = "sha256:55d4a8ace6f97d58d9318d1250d903b0d3b100a6b798442a99c4ac966b974d12"},
    {file = "mysql_connector_python-9.3.0-py2.py3-none-any.whl", hash = "sha256:8ab7719d614cf5463521082fab86afc21ada504b538166090e00eeaa1ff729bc"},
]

[package.extras]
dns-srv = ["dnspython (==2.6.1)"]
fido2 = ["fido2 (==1.1.2)"]
gssapi = ["gssapi (==1.8.3)"]
telemetry = ["opentelemetry-api (==1.18.0)", "opentelemetry-exporter-otlp-proto-http (==1.18.0)", "opentelemetry-sdk (==1.18.0)"]

[[package]]
name = "oauthlib"
version = "3.3.1"
description = "A generic, spec-compliant, thorough implementation of the OAuth request-signing logic"
optional = false
python-versions = ">=3.8"
files = [
    {file = "oauthlib-3.3.1-py3-none-any.whl", hash = "sha256:88119c938d2b8fb88561af5f6ee0eec8cc8d552b7bb1f712743136eb7523b7a1"},
    {file = "oauthlib-3.3.1.tar.gz", hash = "sha256:0f0f8aa759826a193cf66c12ea1af1637f87b9b4622d46e866952bb022e538c9"},
]

[package.extras]
rsa = ["cryptography (>=3.0.0)"]
signals = ["blinker (>=1.4.0)"]
signedtoken = ["cryptography (>=3.0.0)", "pyjwt (>=2.0.0,<3)"]

[[package]]
name = "redis"
version = "6.2.0"
description = "Python client for Redis database and key-value store"
optional = false
python-versions = ">=3.9"
files = [
    {file = "redis-6.2.0-py3-none-any.whl", hash = "sha256:c8ddf316ee0aab65f04a11229e94a64b2618451dab7a67cb2f77eb799d872d5e"},
    {file = "redis-6.2.0.tar.gz", hash = "sha256:e821f129b75dde6cb99dd35e5c76e8c49512a5a0d8dfdc560b2fbd44b85ca977"},
]

[package.extras]
hiredis = ["hiredis (>=3.2.0)"]
jwt = ["pyjwt (>=2.9.0)"]
ocsp = ["cryptography (>=36.0.1)", "pyopenssl (>=20.0.1)", "requests (>=2.31.0)"]

[[package]]
name = "repath"
version = "0.9.0"
description = "Generate regular expressions form ExpressJS path patterns"
optional = false
python-versions = "*"
files = [
    {file = "repath-0.9.0-py3-none-any.whl", hash = "sha256:ee079d6c91faeb843274d22d8f786094ee01316ecfe293a1eb6546312bb6a318"},
    {file = "repath-0.9.0.tar.gz", hash = "sha256:8292139bac6a0e43fd9d70605d4e8daeb25d46672e484ed31a24c7ce0aef0fb7"},
]

[package.dependencies]
six = ">=1.9.0"

[[package]]
name = "six"
version = "1.17.0"
description = "Python 2 and 3 compatibility utilities"
optional = false
python-versions = "!=3.0.*,!=3.1.*,!=3.2.*,>=2.7"
files = [
    {file = "six-1.17.0-py2.py3-none-any.whl", hash = "sha256:4721f391ed90541fddacab5acf947aa0d3dc7d27b2e1e8eda2be8970586c3274"},
    {file = "six-1.17.0.tar.gz", hash = "sha256:ff70335d468e7eb6ec65b95b99d3a2836546063f63acc5171de367e834932a81"},
]

[[package]]
name = "sniffio"
version = "1.3.1"
description = "Sniff out which async library your code is running under"
optional = false
python-versions = ">=3.7"
files = [
    {file = "sniffio-1.3.1-py3-none-any.whl", hash = "sha256:2f6da418d1f1e0fddd844478f41680e794e6051915791a034ff65e5f100525a2"},
    {file = "sniffio-1.3.1.tar.gz", hash = "sha256:f4324edc670a0f49750a81b895f35c3adb843cca46f0530f79fc1babb23789dc"},
]

[[package]]
name = "typing-extensions"
version = "4.14.0"
description = "Backported and Experimental Type Hints for Python 3.9+"
optional = false
python-versions = ">=3.9"
files = [
    {file = "typing_extensions-4.14.0-py3-none-any.whl", hash = "sha256:a1514509136dd0b477638fc68d6a91497af5076466ad0fa6c338e44e359944af"},
    {file = "typing_extensions-4.14.0.tar.gz", hash = "sha256:8676b788e32f02ab42d9e7c61324048ae4c6d844a399eebace3d4979d75ceef4"},
]

[metadata]
lock-version = "2.0"
python-versions = "^3.12"
content-hash = "1addceeb72f71052ba422c6a7143a0ebb8bcf0763df72d5ecd02506ceca54504"
